
Microsoft Visual Studio Solution File, Format Version 12.00
# Visual Studio Version 16
VisualStudioVersion = 16.0.30611.23
MinimumVisualStudioVersion = 10.0.40219.1
Project("{FAE04EC0-301F-11D3-BF4B-00C04F79EFBC}") = "NextHappyYear", "NextHappyYear\NextHappyYear.csproj", "{C9DF2D35-1357-4374-BFAD-60F3493C00DA}"
EndProject
Global
	GlobalSection(SolutionConfigurationPlatforms) = preSolution
		Debug|Any CPU = Debug|Any CPU
		Release|Any CPU = Release|Any CPU
	EndGlobalSection
	GlobalSection(ProjectConfigurationPlatforms) = postSolution
		{C9DF2D35-1357-4374-BFAD-60F3493C00DA}.Debug|Any CPU.ActiveCfg = Debug|Any CPU
		{C9DF2D35-1357-4374-BFAD-60F3493C00DA}.Debug|Any CPU.Build.0 = Debug|Any CPU
		{C9DF2D35-1357-4374-BFAD-60F3493C00DA}.Release|Any CPU.ActiveCfg = Release|Any CPU
		{C9DF2D35-1357-4374-BFAD-60F3493C00DA}.Release|Any CPU.Build.0 = Release|Any CPU
	EndGlobalSection
	GlobalSection(SolutionProperties) = preSolution
		HideSolutionNode = FALSE
	EndGlobalSection
	GlobalSection(ExtensibilityGlobals) = postSolution
		SolutionGuid = {C900BD23-69B7-4761-A7B6-65B49F8C8421}
	EndGlobalSection
EndGlobal
